
Microsoft Visual Studio Solution File, Format Version 12.00
# Visual Studio Version 16
VisualStudioVersion = 16.0.31105.61
MinimumVisualStudioVersion = 10.0.40219.1
Project("{8BC9CEB8-8B4A-11D0-8D11-00A0C91BC942}") = "MulTable", "MulTable.vcxproj", "{EC02EA77-B91E-46F1-BDEC-CD774EED4553}"
EndProject
Global
	GlobalSection(SolutionConfigurationPlatforms) = preSolution
		Debug|x64 = Debug|x64
		Debug|x86 = Debug|x86
		Release|x64 = Release|x64
		Release|x86 = Release|x86
	EndGlobalSection
	GlobalSection(ProjectConfigurationPlatforms) = postSolution
		{EC02EA77-B91E-46F1-BDEC-CD774EED4553}.Debug|x64.ActiveCfg = Debug|x64
		{EC02EA77-B91E-46F1-BDEC-CD774EED4553}.Debug|x64.Build.0 = Debug|x64
		{EC02EA77-B91E-46F1-BDEC-CD774EED4553}.Debug|x86.ActiveCfg = Debug|Win32
		{EC02EA77-B91E-46F1-BDEC-CD774EED4553}.Debug|x86.Build.0 = Debug|Win32
		{EC02EA77-B91E-46F1-BDEC-CD774EED4553}.Release|x64.ActiveCfg = Release|x64
		{EC02EA77-B91E-46F1-BDEC-CD774EED4553}.Release|x64.Build.0 = Release|x64
		{EC02EA77-B91E-46F1-BDEC-CD774EED4553}.Release|x86.ActiveCfg = Release|Win32
		{EC02EA77-B91E-46F1-BDEC-CD774EED4553}.Release|x86.Build.0 = Release|Win32
	EndGlobalSection
	GlobalSection(SolutionProperties) = preSolution
		HideSolutionNode = FALSE
	EndGlobalSection
	GlobalSection(ExtensibilityGlobals) = postSolution
		SolutionGuid = {2DD32DB1-15E6-4FBC-8DFD-14D754B45862}
	EndGlobalSection
EndGlobal
